dependencies:
- name: common
  repository: https://charts.bitnami.com/bitnami
  version: 2.40.0
- name: redis
  repository: https://charts.bitnami.com/bitnami
  version: 27.0.10
digest: sha256:a97f2b873b488dbb61146c9e9f1a1ccf4a756f652f26bd8c2c64782a0629fa2a
generated: "2026-06-22T11:40:44.398190914+02:00"
